PODS:
  - AFNetworking (3.1.0):
    - AFNetworking/NSURLSession (= 3.1.0)
    - AFNetworking/Reachability (= 3.1.0)
    - AFNetworking/Security (= 3.1.0)
    - AFNetworking/Serialization (= 3.1.0)
    - AFNetworking/UIKit (= 3.1.0)
  - AFNetworking/NSURLSession (3.1.0):
    - AFNetworking/Reachability
    - AFNetworking/Security
    - AFNetworking/Serialization
  - AFNetworking/Reachability (3.1.0)
  - AFNetworking/Security (3.1.0)
  - AFNetworking/Serialization (3.1.0)
  - AFNetworking/UIKit (3.1.0):
    - AFNetworking/NSURLSession
  - Alamofire (4.0.1)
  - AlamofireSwiftyJSON (0.2.0):
    - Alamofire (~> 4.0)
    - SwiftyJSON (~> 3.1)
  - AmazonS3RequestManager (1.0.4):
    - Alamofire (~> 4.0)
    - SWXMLHash (~> 3.0)
  - SwiftyJSON (3.1.1)
  - SWXMLHash (3.0.2)

DEPENDENCIES:
  - AFNetworking (~> 3.0)
  - AlamofireSwiftyJSON
  - AmazonS3RequestManager

SPEC CHECKSUMS:
  AFNetworking: 5e0e199f73d8626b11e79750991f5d173d1f8b67
  Alamofire: 7682d43245de14874acd142ec137b144aa1dd335
  AlamofireSwiftyJSON: 5a49196b8b061e32f5ebc84fa0815300bd8a974e
  AmazonS3RequestManager: d7c3f50de30d7484d337c23a8f767d4959dae2a8
  SwiftyJSON: f0be2e604f83e8405a624e9f891898bf6ed4e019
  SWXMLHash: e0f6935971f01b06fb228cf435510d998ecde647

PODFILE CHECKSUM: 1cd5db6b668fd71713ec242dd5054a62e9e30ce5

COCOAPODS: 1.1.1
